// !$*UTF8*$!
{
	archiveVersion = 1;
	classes = {
	};
	objectVersion = 45;
	objects = {

/* Begin PBXBuildFile section */
		1DDD58160DA1D0A300B32029 /* MainMenu.xib in Resources */ = {isa = PBXBuildFile; fileRef = 1DDD58140DA1D0A300B32029 /* MainMenu.xib */; };
		8400AC751ACA440B000BF196 /* Sparkle.framework in Frameworks */ = {isa = PBXBuildFile; fileRef = 8400AC741ACA440B000BF196 /* Sparkle.framework */; };
		8400AC7F1ACA4463000BF196 /* Sparkle.framework in CopyFiles */ = {isa = PBXBuildFile; fileRef = 8400AC741ACA440B000BF196 /* Sparkle.framework */; };
		844661291B4A3DC30080D675 /* QuartzCore.framework in Frameworks */ = {isa = PBXBuildFile; fileRef = 844661281B4A3DC30080D675 /* QuartzCore.framework */; };
		844661E81B4B8DAB0080D675 /* AddView.m in Sources */ = {isa = PBXBuildFile; fileRef = 844661E71B4B8DAB0080D675 /* AddView.m */; };
		8D11072B0486CEB800E47090 /* InfoPlist.strings in Resources */ = {isa = PBXBuildFile; fileRef = 089C165CFE840E0CC02AAC07 /* InfoPlist.strings */; };
		8D11072F0486CEB800E47090 /* Cocoa.framework in Frameworks */ = {isa = PBXBuildFile; fileRef = 1058C7A1FEA54F0111CA2CBB /* Cocoa.framework */; };
		A10BF5A218D13DF6003D565C /* BackupSet-Name-Image.png in Resources */ = {isa = PBXBuildFile; fileRef = A10BF5A118D13DF6003D565C /* BackupSet-Name-Image.png */; };
		A10BF5A418D141A9003D565C /* BackupSet-StableName-Image.png in Resources */ = {isa = PBXBuildFile; fileRef = A10BF5A318D141A9003D565C /* BackupSet-StableName-Image.png */; };
		A115048918D8FF780091C4AE /* BackupMinderLarge.png in Resources */ = {isa = PBXBuildFile; fileRef = A115048818D8FF780091C4AE /* BackupMinderLarge.png */; };
		A115055718D922280091C4AE /* CoreData.framework in Frameworks */ = {isa = PBXBuildFile; fileRef = 13E42FB307B3F0F600E4EEF1 /* CoreData.framework */; };
		A11505DC18D929A90091C4AE /* Credits.rtf in Resources */ = {isa = PBXBuildFile; fileRef = A11505DA18D929A90091C4AE /* Credits.rtf */; };
		A1286210161715A80018B86E /* main.m in Sources */ = {isa = PBXBuildFile; fileRef = A132FD2116125609002E31C3 /* main.m */; };
		A132FD1D161255EC002E31C3 /* Security.framework in Frameworks */ = {isa = PBXBuildFile; fileRef = A132FD1C161255EC002E31C3 /* Security.framework */; };
		A132FD1F161255EC002E31C3 /* SecurityInterface.framework in Frameworks */ = {isa = PBXBuildFile; fileRef = A132FD1E161255EC002E31C3 /* SecurityInterface.framework */; };
		A132FD2E16125613002E31C3 /* EditPanelController.m in Sources */ = {isa = PBXBuildFile; fileRef = A132FD2416125613002E31C3 /* EditPanelController.m */; };
		A132FD2F16125613002E31C3 /* AppDelegate.m in Sources */ = {isa = PBXBuildFile; fileRef = A132FD2616125613002E31C3 /* AppDelegate.m */; };
		A132FD3016125613002E31C3 /* BackupManager.m in Sources */ = {isa = PBXBuildFile; fileRef = A132FD2816125613002E31C3 /* BackupManager.m */; };
		A132FD3116125613002E31C3 /* FileUtilities.m in Sources */ = {isa = PBXBuildFile; fileRef = A132FD2B16125613002E31C3 /* FileUtilities.m */; };
		A132FD3216125613002E31C3 /* MainMenuController.m in Sources */ = {isa = PBXBuildFile; fileRef = A132FD2D16125613002E31C3 /* MainMenuController.m */; };
		A132FD351612562D002E31C3 /* EditPanel.xib in Resources */ = {isa = PBXBuildFile; fileRef = A132FD331612562D002E31C3 /* EditPanel.xib */; };
		A132FD8F161256F6002E31C3 /* BackupMinder.icns in Resources */ = {isa = PBXBuildFile; fileRef = A132FD8E161256F6002E31C3 /* BackupMinder.icns */; };
		A1BA4D1918F17AD60076E0AD /* bm_logo.png in Resources */ = {isa = PBXBuildFile; fileRef = A1BA4D1718F17AD60076E0AD /* bm_logo.png */; };
		A1F3128E18AB1411009F624F /* AddPanelController.m in Sources */ = {isa = PBXBuildFile; fileRef = A1F3128B18AB1411009F624F /* AddPanelController.m */; };
		A1F3129218AB145A009F624F /* AddPanel.xib in Resources */ = {isa = PBXBuildFile; fileRef = A1F3129018AB145A009F624F /* AddPanel.xib */; };
/* End PBXBuildFile section */

/* Begin PBXCopyFilesBuildPhase section */
		8400AC821ACA4481000BF196 /* CopyFiles */ = {
			isa = PBXCopyFilesBuildPhase;
			buildActionMask = 2147483647;
			dstPath = "";
			dstSubfolderSpec = 10;
			files = (
				8400AC7F1ACA4463000BF196 /* Sparkle.framework in CopyFiles */,
			);
			runOnlyForDeploymentPostprocessing = 0;
		};
/* End PBXCopyFilesBuildPhase section */

/* Begin PBXFileReference section */
		089C165DFE840E0CC02AAC07 /* English */ = {isa = PBXFileReference; fileEncoding = 4; lastKnownFileType = text.plist.strings; name = English; path = English.lproj/InfoPlist.strings; sourceTree = "<group>"; };
		1058C7A1FEA54F0111CA2CBB /* Cocoa.framework */ = {isa = PBXFileReference; lastKnownFileType = wrapper.framework; name = Cocoa.framework; path = /System/Library/Frameworks/Cocoa.framework; sourceTree = "<absolute>"; };
		13E42FB307B3F0F600E4EEF1 /* CoreData.framework */ = {isa = PBXFileReference; lastKnownFileType = wrapper.framework; name = CoreData.framework; path = /System/Library/Frameworks/CoreData.framework; sourceTree = "<absolute>"; };
		1DDD58150DA1D0A300B32029 /* English */ = {isa = PBXFileReference; lastKnownFileType = file.xib; name = English; path = English.lproj/MainMenu.xib; sourceTree = "<group>"; };
		256AC3F00F4B6AF500CF3369 /* BackupMinderUI_Prefix.pch */ = {isa = PBXFileReference; fileEncoding = 4; lastKnownFileType = sourcecode.c.h; path = BackupMinderUI_Prefix.pch; sourceTree = "<group>"; };
		29B97324FDCFA39411CA2CEA /* AppKit.framework */ = {isa = PBXFileReference; lastKnownFileType = wrapper.framework; name = AppKit.framework; path = /System/Library/Frameworks/AppKit.framework; sourceTree = "<absolute>"; };
		29B97325FDCFA39411CA2CEA /* Foundation.framework */ = {isa = PBXFileReference; lastKnownFileType = wrapper.framework; name = Foundation.framework; path = /System/Library/Frameworks/Foundation.framework; sourceTree = "<absolute>"; };
		8400AC741ACA440B000BF196 /* Sparkle.framework */ = {isa = PBXFileReference; lastKnownFileType = wrapper.framework; path = Sparkle.framework; sourceTree = "<group>"; };
		844661281B4A3DC30080D675 /* QuartzCore.framework */ = {isa = PBXFileReference; lastKnownFileType = wrapper.framework; name = QuartzCore.framework; path = /System/Library/Frameworks/QuartzCore.framework; sourceTree = "<absolute>"; };
		844661E61B4B8DAB0080D675 /* AddView.h */ = {isa = PBXFileReference; fileEncoding = 4; lastKnownFileType = sourcecode.c.h; name = AddView.h; path = Classes/AddView.h; sourceTree = "<group>"; };
		844661E71B4B8DAB0080D675 /* AddView.m */ = {isa = PBXFileReference; fileEncoding = 4; lastKnownFileType = sourcecode.c.objc; name = AddView.m; path = Classes/AddView.m; sourceTree = "<group>"; };
		8D1107310486CEB800E47090 /* BackupMinderUI-Info.plist */ = {isa = PBXFileReference; fileEncoding = 4; lastKnownFileType = text.plist.xml; path = "BackupMinderUI-Info.plist"; sourceTree = "<group>"; };
		8D1107320486CEB800E47090 /* BackupMinderUI.app */ = {isa = PBXFileReference; explicitFileType = wrapper.application; includeInIndex = 0; path = BackupMinderUI.app; sourceTree = BUILT_PRODUCTS_DIR; };
		A10BF5A118D13DF6003D565C /* BackupSet-Name-Image.png */ = {isa = PBXFileReference; lastKnownFileType = image.png; name = "BackupSet-Name-Image.png"; path = "Images/BackupSet-Name-Image.png"; sourceTree = "<group>"; };
		A10BF5A318D141A9003D565C /* BackupSet-StableName-Image.png */ = {isa = PBXFileReference; lastKnownFileType = image.png; name = "BackupSet-StableName-Image.png"; path = "Images/BackupSet-StableName-Image.png"; sourceTree = "<group>"; };
		A115048818D8FF780091C4AE /* BackupMinderLarge.png */ = {isa = PBXFileReference; lastKnownFileType = image.png; name = BackupMinderLarge.png; path = Images/BackupMinderLarge.png; sourceTree = "<group>"; };
		A11505DB18D929A90091C4AE /* English */ = {isa = PBXFileReference; lastKnownFileType = text.rtf; name = English; path = English.lproj/Credits.rtf; sourceTree = "<group>"; };
		A132FD1C161255EC002E31C3 /* Security.framework */ = {isa = PBXFileReference; lastKnownFileType = wrapper.framework; name = Security.framework; path = System/Library/Frameworks/Security.framework; sourceTree = SDKROOT; };
		A132FD1E161255EC002E31C3 /* SecurityInterface.framework */ = {isa = PBXFileReference; lastKnownFileType = wrapper.framework; name = SecurityInterface.framework; path = System/Library/Frameworks/SecurityInterface.framework; sourceTree = SDKROOT; };
		A132FD2116125609002E31C3 /* main.m */ = {isa = PBXFileReference; fileEncoding = 4; lastKnownFileType = sourcecode.c.objc; name = main.m; path = Classes/main.m; sourceTree = "<group>"; };
		A132FD2316125613002E31C3 /* EditPanelController.h */ = {isa = PBXFileReference; fileEncoding = 4; lastKnownFileType = sourcecode.c.h; name = EditPanelController.h; path = Classes/EditPanelController.h; sourceTree = "<group>"; };
		A132FD2416125613002E31C3 /* EditPanelController.m */ = {isa = PBXFileReference; fileEncoding = 4; lastKnownFileType = sourcecode.c.objc; name = EditPanelController.m; path = Classes/EditPanelController.m; sourceTree = "<group>"; };
		A132FD2516125613002E31C3 /* AppDelegate.h */ = {isa = PBXFileReference; fileEncoding = 4; lastKnownFileType = sourcecode.c.h; name = AppDelegate.h; path = Classes/AppDelegate.h; sourceTree = "<group>"; };
		A132FD2616125613002E31C3 /* AppDelegate.m */ = {isa = PBXFileReference; fileEncoding = 4; lastKnownFileType = sourcecode.c.objc; name = AppDelegate.m; path = Classes/AppDelegate.m; sourceTree = "<group>"; };
		A132FD2716125613002E31C3 /* BackupManager.h */ = {isa = PBXFileReference; fileEncoding = 4; lastKnownFileType = sourcecode.c.h; name = BackupManager.h; path = Classes/BackupManager.h; sourceTree = "<group>"; };
		A132FD2816125613002E31C3 /* BackupManager.m */ = {isa = PBXFileReference; fileEncoding = 4; lastKnownFileType = sourcecode.c.objc; name = BackupManager.m; path = Classes/BackupManager.m; sourceTree = "<group>"; };
		A132FD2916125613002E31C3 /* Definitions.h */ = {isa = PBXFileReference; fileEncoding = 4; lastKnownFileType = sourcecode.c.h; name = Definitions.h; path = Classes/Definitions.h; sourceTree = "<group>"; };
		A132FD2A16125613002E31C3 /* FileUtilities.h */ = {isa = PBXFileReference; fileEncoding = 4; lastKnownFileType = sourcecode.c.h; name = FileUtilities.h; path = Classes/FileUtilities.h; sourceTree = "<group>"; };
		A132FD2B16125613002E31C3 /* FileUtilities.m */ = {isa = PBXFileReference; fileEncoding = 4; lastKnownFileType = sourcecode.c.objc; name = FileUtilities.m; path = Classes/FileUtilities.m; sourceTree = "<group>"; };
		A132FD2C16125613002E31C3 /* MainMenuController.h */ = {isa = PBXFileReference; fileEncoding = 4; lastKnownFileType = sourcecode.c.h; name = MainMenuController.h; path = Classes/MainMenuController.h; sourceTree = "<group>"; };
		A132FD2D16125613002E31C3 /* MainMenuController.m */ = {isa = PBXFileReference; fileEncoding = 4; lastKnownFileType = sourcecode.c.objc; name = MainMenuController.m; path = Classes/MainMenuController.m; sourceTree = "<group>"; };
		A132FD341612562D002E31C3 /* English */ = {isa = PBXFileReference; lastKnownFileType = file.xib; name = English; path = English.lproj/EditPanel.xib; sourceTree = "<group>"; };
		A132FD8E161256F6002E31C3 /* BackupMinder.icns */ = {isa = PBXFileReference; lastKnownFileType = image.icns; path = BackupMinder.icns; sourceTree = "<group>"; };
		A1BA4D1718F17AD60076E0AD /* bm_logo.png */ = {isa = PBXFileReference; lastKnownFileType = image.png; name = bm_logo.png; path = Images/bm_logo.png; sourceTree = "<group>"; };
		A1F3128A18AB1411009F624F /* AddPanelController.h */ = {isa = PBXFileReference; fileEncoding = 4; lastKnownFileType = sourcecode.c.h; name = AddPanelController.h; path = Classes/AddPanelController.h; sourceTree = "<group>"; };
		A1F3128B18AB1411009F624F /* AddPanelController.m */ = {isa = PBXFileReference; fileEncoding = 4; lastKnownFileType = sourcecode.c.objc; name = AddPanelController.m; path = Classes/AddPanelController.m; sourceTree = "<group>"; };
		A1F3129118AB145A009F624F /* English */ = {isa = PBXFileReference; lastKnownFileType = file.xib; name = English; path = English.lproj/AddPanel.xib; sourceTree = "<group>"; };
/* End PBXFileReference section */

/* Begin PBXFrameworksBuildPhase section */
		8D11072E0486CEB800E47090 /* Frameworks */ = {
			isa = PBXFrameworksBuildPhase;
			buildActionMask = 2147483647;
			files = (
				8D11072F0486CEB800E47090 /* Cocoa.framework in Frameworks */,
				A132FD1D161255EC002E31C3 /* Security.framework in Frameworks */,
				A132FD1F161255EC002E31C3 /* SecurityInterface.framework in Frameworks */,
				A115055718D922280091C4AE /* CoreData.framework in Frameworks */,
				8400AC751ACA440B000BF196 /* Sparkle.framework in Frameworks */,
				844661291B4A3DC30080D675 /* QuartzCore.framework in Frameworks */,
			);
			runOnlyForDeploymentPostprocessing = 0;
		};
/* End PBXFrameworksBuildPhase section */

/* Begin PBXGroup section */
		080E96DDFE201D6D7F000001 /* Classes */ = {
			isa = PBXGroup;
			children = (
				A1F3128A18AB1411009F624F /* AddPanelController.h */,
				A1F3128B18AB1411009F624F /* AddPanelController.m */,
				844661E61B4B8DAB0080D675 /* AddView.h */,
				844661E71B4B8DAB0080D675 /* AddView.m */,
				A132FD2316125613002E31C3 /* EditPanelController.h */,
				A132FD2416125613002E31C3 /* EditPanelController.m */,
				A132FD2516125613002E31C3 /* AppDelegate.h */,
				A132FD2616125613002E31C3 /* AppDelegate.m */,
				A132FD2716125613002E31C3 /* BackupManager.h */,
				A132FD2816125613002E31C3 /* BackupManager.m */,
				A132FD2A16125613002E31C3 /* FileUtilities.h */,
				A132FD2B16125613002E31C3 /* FileUtilities.m */,
				A132FD2C16125613002E31C3 /* MainMenuController.h */,
				A132FD2D16125613002E31C3 /* MainMenuController.m */,
			);
			name = Classes;
			sourceTree = "<group>";
		};
		1058C7A0FEA54F0111CA2CBB /* Linked Frameworks */ = {
			isa = PBXGroup;
			children = (
				8400AC741ACA440B000BF196 /* Sparkle.framework */,
				1058C7A1FEA54F0111CA2CBB /* Cocoa.framework */,
				A132FD1C161255EC002E31C3 /* Security.framework */,
				A132FD1E161255EC002E31C3 /* SecurityInterface.framework */,
			);
			name = "Linked Frameworks";
			sourceTree = "<group>";
		};
		1058C7A2FEA54F0111CA2CBB /* Other Frameworks */ = {
			isa = PBXGroup;
			children = (
				844661281B4A3DC30080D675 /* QuartzCore.framework */,
				29B97324FDCFA39411CA2CEA /* AppKit.framework */,
				13E42FB307B3F0F600E4EEF1 /* CoreData.framework */,
				29B97325FDCFA39411CA2CEA /* Foundation.framework */,
			);
			name = "Other Frameworks";
			sourceTree = "<group>";
		};
		19C28FACFE9D520D11CA2CBB /* Products */ = {
			isa = PBXGroup;
			children = (
				8D1107320486CEB800E47090 /* BackupMinderUI.app */,
			);
			name = Products;
			sourceTree = "<group>";
		};
		29B97314FDCFA39411CA2CEA /* BackupMinderUI */ = {
			isa = PBXGroup;
			children = (
				080E96DDFE201D6D7F000001 /* Classes */,
				29B97315FDCFA39411CA2CEA /* Other Sources */,
				29B97317FDCFA39411CA2CEA /* Resources */,
				29B97323FDCFA39411CA2CEA /* Frameworks */,
				19C28FACFE9D520D11CA2CBB /* Products */,
			);
			name = BackupMinderUI;
			sourceTree = "<group>";
		};
		29B97315FDCFA39411CA2CEA /* Other Sources */ = {
			isa = PBXGroup;
			children = (
				A132FD8E161256F6002E31C3 /* BackupMinder.icns */,
				A132FD2116125609002E31C3 /* main.m */,
				A132FD2916125613002E31C3 /* Definitions.h */,
				256AC3F00F4B6AF500CF3369 /* BackupMinderUI_Prefix.pch */,
			);
			name = "Other Sources";
			sourceTree = "<group>";
		};
		29B97317FDCFA39411CA2CEA /* Resources */ = {
			isa = PBXGroup;
			children = (
				A11505DA18D929A90091C4AE /* Credits.rtf */,
				A10BF5A018D13DE3003D565C /* Images */,
				A1F3129018AB145A009F624F /* AddPanel.xib */,
				A132FD331612562D002E31C3 /* EditPanel.xib */,
				1DDD58140DA1D0A300B32029 /* MainMenu.xib */,
				8D1107310486CEB800E47090 /* BackupMinderUI-Info.plist */,
				089C165CFE840E0CC02AAC07 /* InfoPlist.strings */,
			);
			name = Resources;
			sourceTree = "<group>";
		};
		29B97323FDCFA39411CA2CEA /* Frameworks */ = {
			isa = PBXGroup;
			children = (
				1058C7A0FEA54F0111CA2CBB /* Linked Frameworks */,
				1058C7A2FEA54F0111CA2CBB /* Other Frameworks */,
			);
			name = Frameworks;
			sourceTree = "<group>";
		};
		A10BF5A018D13DE3003D565C /* Images */ = {
			isa = PBXGroup;
			children = (
				A1BA4D1718F17AD60076E0AD /* bm_logo.png */,
				A115048818D8FF780091C4AE /* BackupMinderLarge.png */,
				A10BF5A318D141A9003D565C /* BackupSet-StableName-Image.png */,
				A10BF5A118D13DF6003D565C /* BackupSet-Name-Image.png */,
			);
			name = Images;
			sourceTree = "<group>";
		};
/* End PBXGroup section */

/* Begin PBXNativeTarget section */
		8D1107260486CEB800E47090 /* BackupMinderUI */ = {
			isa = PBXNativeTarget;
			buildConfigurationList = C01FCF4A08A954540054247B /* Build configuration list for PBXNativeTarget "BackupMinderUI" */;
			buildPhases = (
				8D1107290486CEB800E47090 /* Resources */,
				8D11072C0486CEB800E47090 /* Sources */,
				8400AC821ACA4481000BF196 /* CopyFiles */,
				8D11072E0486CEB800E47090 /* Frameworks */,
			);
			buildRules = (
			);
			dependencies = (
			);
			name = BackupMinderUI;
			productInstallPath = "$(HOME)/Applications";
			productName = BackupMinderUI;
			productReference = 8D1107320486CEB800E47090 /* BackupMinderUI.app */;
			productType = "com.apple.product-type.application";
		};
/* End PBXNativeTarget section */

/* Begin PBXProject section */
		29B97313FDCFA39411CA2CEA /* Project object */ = {
			isa = PBXProject;
			attributes = {
				ORGANIZATIONNAME = "Mac Consulting Group";
			};
			buildConfigurationList = C01FCF4E08A954540054247B /* Build configuration list for PBXProject "BackupMinderUI" */;
			compatibilityVersion = "Xcode 3.1";
			developmentRegion = English;
			hasScannedForEncodings = 1;
			knownRegions = (
				English,
				Japanese,
				French,
				German,
			);
			mainGroup = 29B97314FDCFA39411CA2CEA /* BackupMinderUI */;
			projectDirPath = "";
			projectRoot = "";
			targets = (
				8D1107260486CEB800E47090 /* BackupMinderUI */,
			);
		};
/* End PBXProject section */

/* Begin PBXResourcesBuildPhase section */
		8D1107290486CEB800E47090 /* Resources */ = {
			isa = PBXResourcesBuildPhase;
			buildActionMask = 2147483647;
			files = (
				8D11072B0486CEB800E47090 /* InfoPlist.strings in Resources */,
				1DDD58160DA1D0A300B32029 /* MainMenu.xib in Resources */,
				A132FD351612562D002E31C3 /* EditPanel.xib in Resources */,
				A132FD8F161256F6002E31C3 /* BackupMinder.icns in Resources */,
				A1F3129218AB145A009F624F /* AddPanel.xib in Resources */,
				A10BF5A218D13DF6003D565C /* BackupSet-Name-Image.png in Resources */,
				A10BF5A418D141A9003D565C /* BackupSet-StableName-Image.png in Resources */,
				A115048918D8FF780091C4AE /* BackupMinderLarge.png in Resources */,
				A11505DC18D929A90091C4AE /* Credits.rtf in Resources */,
				A1BA4D1918F17AD60076E0AD /* bm_logo.png in Resources */,
			);
			runOnlyForDeploymentPostprocessing = 0;
		};
/* End PBXResourcesBuildPhase section */

/* Begin PBXSourcesBuildPhase section */
		8D11072C0486CEB800E47090 /* Sources */ = {
			isa = PBXSourcesBuildPhase;
			buildActionMask = 2147483647;
			files = (
				A132FD2E16125613002E31C3 /* EditPanelController.m in Sources */,
				A132FD2F16125613002E31C3 /* AppDelegate.m in Sources */,
				A132FD3016125613002E31C3 /* BackupManager.m in Sources */,
				A132FD3116125613002E31C3 /* FileUtilities.m in Sources */,
				A132FD3216125613002E31C3 /* MainMenuController.m in Sources */,
				A1286210161715A80018B86E /* main.m in Sources */,
				A1F3128E18AB1411009F624F /* AddPanelController.m in Sources */,
				844661E81B4B8DAB0080D675 /* AddView.m in Sources */,
			);
			runOnlyForDeploymentPostprocessing = 0;
		};
/* End PBXSourcesBuildPhase section */

/* Begin PBXVariantGroup section */
		089C165CFE840E0CC02AAC07 /* InfoPlist.strings */ = {
			isa = PBXVariantGroup;
			children = (
				089C165DFE840E0CC02AAC07 /* English */,
			);
			name = InfoPlist.strings;
			sourceTree = "<group>";
		};
		1DDD58140DA1D0A300B32029 /* MainMenu.xib */ = {
			isa = PBXVariantGroup;
			children = (
				1DDD58150DA1D0A300B32029 /* English */,
			);
			name = MainMenu.xib;
			sourceTree = "<group>";
		};
		A11505DA18D929A90091C4AE /* Credits.rtf */ = {
			isa = PBXVariantGroup;
			children = (
				A11505DB18D929A90091C4AE /* English */,
			);
			name = Credits.rtf;
			sourceTree = "<group>";
		};
		A132FD331612562D002E31C3 /* EditPanel.xib */ = {
			isa = PBXVariantGroup;
			children = (
				A132FD341612562D002E31C3 /* English */,
			);
			name = EditPanel.xib;
			sourceTree = "<group>";
		};
		A1F3129018AB145A009F624F /* AddPanel.xib */ = {
			isa = PBXVariantGroup;
			children = (
				A1F3129118AB145A009F624F /* English */,
			);
			name = AddPanel.xib;
			sourceTree = "<group>";
		};
/* End PBXVariantGroup section */

/* Begin XCBuildConfiguration section */
		C01FCF4B08A954540054247B /* Debug */ = {
			isa = XCBuildConfiguration;
			buildSettings = {
				ALWAYS_SEARCH_USER_PATHS = NO;
				COPY_PHASE_STRIP = NO;
				FRAMEWORK_SEARCH_PATHS = (
					"$(inherited)",
					"\"$(SRCROOT)\"",
				);
				GCC_DYNAMIC_NO_PIC = NO;
				GCC_ENABLE_FIX_AND_CONTINUE = YES;
				GCC_MODEL_TUNING = G5;
				GCC_OPTIMIZATION_LEVEL = 0;
				GCC_PRECOMPILE_PREFIX_HEADER = YES;
				GCC_PREFIX_HEADER = BackupMinderUI_Prefix.pch;
				INFOPLIST_FILE = "BackupMinderUI-Info.plist";
				INSTALL_PATH = "$(HOME)/Applications";
				PRODUCT_NAME = BackupMinderUI;
				SDKROOT = macosx10.6;
			};
			name = Debug;
		};
		C01FCF4C08A954540054247B /* Release */ = {
			isa = XCBuildConfiguration;
			buildSettings = {
				ALWAYS_SEARCH_USER_PATHS = NO;
				DEBUG_INFORMATION_FORMAT = "dwarf-with-dsym";
				FRAMEWORK_SEARCH_PATHS = (
					"$(inherited)",
					"\"$(SRCROOT)\"",
				);
				GCC_ENABLE_OBJC_GC = unsupported;
				GCC_MODEL_TUNING = G5;
				GCC_PRECOMPILE_PREFIX_HEADER = YES;
				GCC_PREFIX_HEADER = BackupMinderUI_Prefix.pch;
				INFOPLIST_FILE = "BackupMinderUI-Info.plist";
				INSTALL_PATH = "$(HOME)/Applications";
				PRODUCT_NAME = BackupMinderUI;
				SDKROOT = macosx10.6;
			};
			name = Release;
		};
		C01FCF4F08A954540054247B /* Debug */ = {
			isa = XCBuildConfiguration;
			buildSettings = {
				ARCHS = (
					ppc,
					x86_64,
					i386,
				);
				GCC_C_LANGUAGE_STANDARD = gnu99;
				GCC_OPTIMIZATION_LEVEL = 0;
				GCC_VERSION = 4.2;
				GCC_WARN_ABOUT_RETURN_TYPE = YES;
				GCC_WARN_UNUSED_VARIABLE = YES;
				ONLY_ACTIVE_ARCH = YES;
				PREBINDING = NO;
				SDKROOT = macosx10.6;
				VALID_ARCHS = "i386 ppc x86_64";
			};
			name = Debug;
		};
		C01FCF5008A954540054247B /* Release */ = {
			isa = XCBuildConfiguration;
			buildSettings = {
				ARCHS = (
					x86_64,
					i386,
					ppc,
				);
				GCC_C_LANGUAGE_STANDARD = gnu99;
				GCC_ENABLE_OBJC_GC = supported;
				GCC_VERSION = 4.2;
				GCC_WARN_ABOUT_RETURN_TYPE = YES;
				GCC_WARN_UNUSED_VARIABLE = YES;
				ONLY_ACTIVE_ARCH = NO;
				PREBINDING = NO;
				SDKROOT = macosx10.6;
				VALID_ARCHS = "i386 ppc x86_64";
			};
			name = Release;
		};
/* End XCBuildConfiguration section */

/* Begin XCConfigurationList section */
		C01FCF4A08A954540054247B /* Build configuration list for PBXNativeTarget "BackupMinderUI" */ = {
			isa = XCConfigurationList;
			buildConfigurations = (
				C01FCF4B08A954540054247B /* Debug */,
				C01FCF4C08A954540054247B /* Release */,
			);
			defaultConfigurationIsVisible = 0;
			defaultConfigurationName = Release;
		};
		C01FCF4E08A954540054247B /* Build configuration list for PBXProject "BackupMinderUI" */ = {
			isa = XCConfigurationList;
			buildConfigurations = (
				C01FCF4F08A954540054247B /* Debug */,
				C01FCF5008A954540054247B /* Release */,
			);
			defaultConfigurationIsVisible = 0;
			defaultConfigurationName = Release;
		};
/* End XCConfigurationList section */
	};
	rootObject = 29B97313FDCFA39411CA2CEA /* Project object */;
}
