// !$*UTF8*$!
{
	archiveVersion = 1;
	classes = {
	};
	objectVersion = 46;
	objects = {

/* Begin PBXBuildFile section */
		A12D82F3160F349300F578B7 /* main.cpp in Sources */ = {isa = PBXBuildFile; fileRef = A12D82F2160F349300F578B7 /* main.cpp */; };
		A12D82F5160F349300F578B7 /* BackupMinderHelper.1 in CopyFiles */ = {isa = PBXBuildFile; fileRef = A12D82F4160F349300F578B7 /* BackupMinderHelper.1 */; };
/* End PBXBuildFile section */

/* Begin PBXCopyFilesBuildPhase section */
		A12D82EC160F349300F578B7 /* CopyFiles */ = {
			isa = PBXCopyFilesBuildPhase;
			buildActionMask = 2147483647;
			dstPath = /usr/share/man/man1/;
			dstSubfolderSpec = 0;
			files = (
				A12D82F5160F349300F578B7 /* BackupMinderHelper.1 in CopyFiles */,
			);
			runOnlyForDeploymentPostprocessing = 1;
		};
/* End PBXCopyFilesBuildPhase section */

/* Begin PBXFileReference section */
		A12D82EE160F349300F578B7 /* BackupMinderHelper */ = {isa = PBXFileReference; explicitFileType = "compiled.mach-o.executable"; includeInIndex = 0; path = BackupMinderHelper; sourceTree = BUILT_PRODUCTS_DIR; };
		A12D82F2160F349300F578B7 /* main.cpp */ = {isa = PBXFileReference; lastKnownFileType = sourcecode.cpp.cpp; path = main.cpp; sourceTree = "<group>"; };
		A12D82F4160F349300F578B7 /* BackupMinderHelper.1 */ = {isa = PBXFileReference; lastKnownFileType = text.man; path = BackupMinderHelper.1; sourceTree = "<group>"; };
/* End PBXFileReference section */

/* Begin PBXFrameworksBuildPhase section */
		A12D82EB160F349300F578B7 /* Frameworks */ = {
			isa = PBXFrameworksBuildPhase;
			buildActionMask = 2147483647;
			files = (
			);
			runOnlyForDeploymentPostprocessing = 0;
		};
/* End PBXFrameworksBuildPhase section */

/* Begin PBXGroup section */
		A12D82E3160F349300F578B7 = {
			isa = PBXGroup;
			children = (
				A12D82F1160F349300F578B7 /* BackupMinderHelper */,
				A12D82EF160F349300F578B7 /* Products */,
			);
			sourceTree = "<group>";
		};
		A12D82EF160F349300F578B7 /* Products */ = {
			isa = PBXGroup;
			children = (
				A12D82EE160F349300F578B7 /* BackupMinderHelper */,
			);
			name = Products;
			sourceTree = "<group>";
		};
		A12D82F1160F349300F578B7 /* BackupMinderHelper */ = {
			isa = PBXGroup;
			children = (
				A12D82F2160F349300F578B7 /* main.cpp */,
				A12D82F4160F349300F578B7 /* BackupMinderHelper.1 */,
			);
			path = BackupMinderHelper;
			sourceTree = "<group>";
		};
/* End PBXGroup section */

/* Begin PBXNativeTarget section */
		A12D82ED160F349300F578B7 /* BackupMinderHelper */ = {
			isa = PBXNativeTarget;
			buildConfigurationList = A12D82F8160F349300F578B7 /* Build configuration list for PBXNativeTarget "BackupMinderHelper" */;
			buildPhases = (
				A12D82EA160F349300F578B7 /* Sources */,
				A12D82EB160F349300F578B7 /* Frameworks */,
				A12D82EC160F349300F578B7 /* CopyFiles */,
			);
			buildRules = (
			);
			dependencies = (
			);
			name = BackupMinderHelper;
			productName = BackupMinderHelper;
			productReference = A12D82EE160F349300F578B7 /* BackupMinderHelper */;
			productType = "com.apple.product-type.tool";
		};
/* End PBXNativeTarget section */

/* Begin PBXProject section */
		A12D82E5160F349300F578B7 /* Project object */ = {
			isa = PBXProject;
			attributes = {
				LastUpgradeCheck = 0420;
			};
			buildConfigurationList = A12D82E8160F349300F578B7 /* Build configuration list for PBXProject "BackupMinderHelper" */;
			compatibilityVersion = "Xcode 3.2";
			developmentRegion = English;
			hasScannedForEncodings = 0;
			knownRegions = (
				en,
			);
			mainGroup = A12D82E3160F349300F578B7;
			productRefGroup = A12D82EF160F349300F578B7 /* Products */;
			projectDirPath = "";
			projectRoot = "";
			targets = (
				A12D82ED160F349300F578B7 /* BackupMinderHelper */,
			);
		};
/* End PBXProject section */

/* Begin PBXSourcesBuildPhase section */
		A12D82EA160F349300F578B7 /* Sources */ = {
			isa = PBXSourcesBuildPhase;
			buildActionMask = 2147483647;
			files = (
				A12D82F3160F349300F578B7 /* main.cpp in Sources */,
			);
			runOnlyForDeploymentPostprocessing = 0;
		};
/* End PBXSourcesBuildPhase section */

/* Begin XCBuildConfiguration section */
		A12D82F6160F349300F578B7 /* Debug */ = {
			isa = XCBuildConfiguration;
			buildSettings = {
				ALWAYS_SEARCH_USER_PATHS = NO;
				ARCHS = "$(ARCHS_STANDARD_64_BIT)";
				COPY_PHASE_STRIP = NO;
				GCC_C_LANGUAGE_STANDARD = gnu99;
				GCC_DYNAMIC_NO_PIC = NO;
				GCC_ENABLE_OBJC_EXCEPTIONS = YES;
				GCC_OPTIMIZATION_LEVEL = 0;
				GCC_PREPROCESSOR_DEFINITIONS = (
					"DEBUG=1",
					"$(inherited)",
				);
				GCC_SYMBOLS_PRIVATE_EXTERN = NO;
				GCC_VERSION = com.apple.compilers.llvm.clang.1_0;
				GCC_WARN_64_TO_32_BIT_CONVERSION = YES;
				GCC_WARN_ABOUT_MISSING_PROTOTYPES = YES;
				GCC_WARN_ABOUT_RETURN_TYPE = YES;
				GCC_WARN_UNUSED_VARIABLE = YES;
				MACOSX_DEPLOYMENT_TARGET = 10.6;
				ONLY_ACTIVE_ARCH = YES;
				SDKROOT = macosx;
			};
			name = Debug;
		};
		A12D82F7160F349300F578B7 /* Release */ = {
			isa = XCBuildConfiguration;
			buildSettings = {
				ALWAYS_SEARCH_USER_PATHS = NO;
				ARCHS = "$(ARCHS_STANDARD_64_BIT)";
				COPY_PHASE_STRIP = YES;
				DEBUG_INFORMATION_FORMAT = "dwarf-with-dsym";
				GCC_C_LANGUAGE_STANDARD = gnu99;
				GCC_ENABLE_OBJC_EXCEPTIONS = YES;
				GCC_VERSION = com.apple.compilers.llvm.clang.1_0;
				GCC_WARN_64_TO_32_BIT_CONVERSION = YES;
				GCC_WARN_ABOUT_MISSING_PROTOTYPES = YES;
				GCC_WARN_ABOUT_RETURN_TYPE = YES;
				GCC_WARN_UNUSED_VARIABLE = YES;
				MACOSX_DEPLOYMENT_TARGET = 10.6;
				SDKROOT = macosx;
			};
			name = Release;
		};
		A12D82F9160F349300F578B7 /* Debug */ = {
			isa = XCBuildConfiguration;
			buildSettings = {
				PRODUCT_NAME = "$(TARGET_NAME)";
			};
			name = Debug;
		};
		A12D82FA160F349300F578B7 /* Release */ = {
			isa = XCBuildConfiguration;
			buildSettings = {
				PRODUCT_NAME = "$(TARGET_NAME)";
			};
			name = Release;
		};
/* End XCBuildConfiguration section */

/* Begin XCConfigurationList section */
		A12D82E8160F349300F578B7 /* Build configuration list for PBXProject "BackupMinderHelper" */ = {
			isa = XCConfigurationList;
			buildConfigurations = (
				A12D82F6160F349300F578B7 /* Debug */,
				A12D82F7160F349300F578B7 /* Release */,
			);
			defaultConfigurationIsVisible = 0;
			defaultConfigurationName = Release;
		};
		A12D82F8160F349300F578B7 /* Build configuration list for PBXNativeTarget "BackupMinderHelper" */ = {
			isa = XCConfigurationList;
			buildConfigurations = (
				A12D82F9160F349300F578B7 /* Debug */,
				A12D82FA160F349300F578B7 /* Release */,
			);
			defaultConfigurationIsVisible = 0;
		};
/* End XCConfigurationList section */
	};
	rootObject = A12D82E5160F349300F578B7 /* Project object */;
}
